
Microsoft Visual Studio Solution File, Format Version 12.00
# Visual Studio Version 16
VisualStudioVersion = 16.0.29201.188
MinimumVisualStudioVersion = 10.0.40219.1
Project("{FAE04EC0-301F-11D3-BF4B-00C04F79EFBC}") = "1kelime1islemfinal", "1kelime1islemfinal.csproj", "{BCDEC76F-ACCD-4AF5-AEEB-04FD33F7099D}"
EndProject
Global
	GlobalSection(SolutionConfigurationPlatforms) = preSolution
		Debug|Any CPU = Debug|Any CPU
		Release|Any CPU = Release|Any CPU
	EndGlobalSection
	GlobalSection(ProjectConfigurationPlatforms) = postSolution
		{BCDEC76F-ACCD-4AF5-AEEB-04FD33F7099D}.Debug|Any CPU.ActiveCfg = Debug|Any CPU
		{BCDEC76F-ACCD-4AF5-AEEB-04FD33F7099D}.Debug|Any CPU.Build.0 = Debug|Any CPU
		{BCDEC76F-ACCD-4AF5-AEEB-04FD33F7099D}.Release|Any CPU.ActiveCfg = Release|Any CPU
		{BCDEC76F-ACCD-4AF5-AEEB-04FD33F7099D}.Release|Any CPU.Build.0 = Release|Any CPU
	EndGlobalSection
	GlobalSection(SolutionProperties) = preSolution
		HideSolutionNode = FALSE
	EndGlobalSection
	GlobalSection(ExtensibilityGlobals) = postSolution
		SolutionGuid = {DFA2A941-E9C5-42EE-842E-1501B54E57AF}
	EndGlobalSection
EndGlobal
